
Microsoft Visual Studio Solution File, Format Version 12.00
# Visual Studio Version 17
VisualStudioVersion = 17.1.32421.90
MinimumVisualStudioVersion = 10.0.40219.1
Project("{9A19103F-16F7-4668-BE54-9A1E7A4F7556}") = "ProjetoElevador", "ProjetoFinal_JornadaMS\ProjetoElevador.csproj", "{0F4CE4AB-23F8-428F-8E43-C16C5B1F403B}"
EndProject
Global
	GlobalSection(SolutionConfigurationPlatforms) = preSolution
		Debug|Any CPU = Debug|Any CPU
		Release|Any CPU = Release|Any CPU
	EndGlobalSection
	GlobalSection(ProjectConfigurationPlatforms) = postSolution
		{0F4CE4AB-23F8-428F-8E43-C16C5B1F403B}.Debug|Any CPU.ActiveCfg = Debug|Any CPU
		{0F4CE4AB-23F8-428F-8E43-C16C5B1F403B}.Debug|Any CPU.Build.0 = Debug|Any CPU
		{0F4CE4AB-23F8-428F-8E43-C16C5B1F403B}.Release|Any CPU.ActiveCfg = Release|Any CPU
		{0F4CE4AB-23F8-428F-8E43-C16C5B1F403B}.Release|Any CPU.Build.0 = Release|Any CPU
	EndGlobalSection
	GlobalSection(SolutionProperties) = preSolution
		HideSolutionNode = FALSE
	EndGlobalSection
	GlobalSection(ExtensibilityGlobals) = postSolution
		SolutionGuid = {0C59137D-A63D-465F-B976-362EB7DB23B8}
	EndGlobalSection
EndGlobal
